
Microsoft Visual Studio Solution File, Format Version 12.00
# Visual Studio 15
VisualStudioVersion = 15.0.28306.52
MinimumVisualStudioVersion = 10.0.40219.1
Project("{FAE04EC0-301F-11D3-BF4B-00C04F79EFBC}") = "MyClassLibrary", "MyClassLibrary\MyClassLibrary.csproj", "{D89DEDA4-0659-4CFA-B2BB-4FDFF3202A68}"
EndProject
Project("{FAE04EC0-301F-11D3-BF4B-00C04F79EFBC}") = "Program", "Program\Program.csproj", "{CDFE2239-2235-494E-B44E-1E8E17BED586}"
	ProjectSection(ProjectDependencies) = postProject
		{D89DEDA4-0659-4CFA-B2BB-4FDFF3202A68} = {D89DEDA4-0659-4CFA-B2BB-4FDFF3202A68}
	EndProjectSection
EndProject
Global
	GlobalSection(SolutionConfigurationPlatforms) = preSolution
		Debug|Any CPU = Debug|Any CPU
		Release|Any CPU = Release|Any CPU
	EndGlobalSection
	GlobalSection(ProjectConfigurationPlatforms) = postSolution
		{D89DEDA4-0659-4CFA-B2BB-4FDFF3202A68}.Debug|Any CPU.ActiveCfg = Debug|Any CPU
		{D89DEDA4-0659-4CFA-B2BB-4FDFF3202A68}.Debug|Any CPU.Build.0 = Debug|Any CPU
		{D89DEDA4-0659-4CFA-B2BB-4FDFF3202A68}.Release|Any CPU.ActiveCfg = Release|Any CPU
		{D89DEDA4-0659-4CFA-B2BB-4FDFF3202A68}.Release|Any CPU.Build.0 = Release|Any CPU
		{CDFE2239-2235-494E-B44E-1E8E17BED586}.Debug|Any CPU.ActiveCfg = Debug|Any CPU
		{CDFE2239-2235-494E-B44E-1E8E17BED586}.Debug|Any CPU.Build.0 = Debug|Any CPU
		{CDFE2239-2235-494E-B44E-1E8E17BED586}.Release|Any CPU.ActiveCfg = Release|Any CPU
		{CDFE2239-2235-494E-B44E-1E8E17BED586}.Release|Any CPU.Build.0 = Release|Any CPU
	EndGlobalSection
	GlobalSection(SolutionProperties) = preSolution
		HideSolutionNode = FALSE
	EndGlobalSection
	GlobalSection(ExtensibilityGlobals) = postSolution
		SolutionGuid = {89C496B4-D758-402F-8ECD-534F597C9ADB}
	EndGlobalSection
EndGlobal
